// !$*UTF8*$!
{
	archiveVersion = 1;
	classes = {
	};
	objectVersion = 46;
	objects = {

/* Begin PBXBuildFile section */
		607D57191C86424D0095AEFA /* AppDelegate.swift in Sources */ = {isa = PBXBuildFile; fileRef = 607D57181C86424D0095AEFA /* AppDelegate.swift */; };
		607D571B1C86424D0095AEFA /* ViewController.swift in Sources */ = {isa = PBXBuildFile; fileRef = 607D571A1C86424D0095AEFA /* ViewController.swift */; };
		607D571E1C86424D0095AEFA /* Main.storyboard in Resources */ = {isa = PBXBuildFile; fileRef = 607D571C1C86424D0095AEFA /* Main.storyboard */; };
		607D57201C86424D0095AEFA /* Assets.xcassets in Resources */ = {isa = PBXBuildFile; fileRef = 607D571F1C86424D0095AEFA /* Assets.xcassets */; };
		607D57231C86424D0095AEFA /* LaunchScreen.storyboard in Resources */ = {isa = PBXBuildFile; fileRef = 607D57211C86424D0095AEFA /* LaunchScreen.storyboard */; };
		607D572E1C86424D0095AEFA /* FogoControllerTests.swift in Sources */ = {isa = PBXBuildFile; fileRef = 607D572D1C86424D0095AEFA /* FogoControllerTests.swift */; };
		607D57391C86424D0095AEFA /* FogoControllerUITests.swift in Sources */ = {isa = PBXBuildFile; fileRef = 607D57381C86424D0095AEFA /* FogoControllerUITests.swift */; };
		607D574D1C86527C0095AEFA /* HomeController.swift in Sources */ = {isa = PBXBuildFile; fileRef = 607D574C1C86527C0095AEFA /* HomeController.swift */; };
/* End PBXBuildFile section */

/* Begin PBXContainerItemProxy section */
		607D572A1C86424D0095AEFA /* PBXContainerItemProxy */ = {
			isa = PBXContainerItemProxy;
			containerPortal = 607D570D1C86424D0095AEFA /* Project object */;
			proxyType = 1;
			remoteGlobalIDString = 607D57141C86424D0095AEFA;
			remoteInfo = FogoController;
		};
		607D57351C86424D0095AEFA /* PBXContainerItemProxy */ = {
			isa = PBXContainerItemProxy;
			containerPortal = 607D570D1C86424D0095AEFA /* Project object */;
			proxyType = 1;
			remoteGlobalIDString = 607D57141C86424D0095AEFA;
			remoteInfo = FogoController;
		};
/* End PBXContainerItemProxy section */

/* Begin PBXFileReference section */
		607D57151C86424D0095AEFA /* FogoController.app */ = {isa = PBXFileReference; explicitFileType = wrapper.application; includeInIndex = 0; path = FogoController.app; sourceTree = BUILT_PRODUCTS_DIR; };
		607D57181C86424D0095AEFA /* AppDelegate.swift */ = {isa = PBXFileReference; lastKnownFileType = sourcecode.swift; path = AppDelegate.swift; sourceTree = "<group>"; };
		607D571A1C86424D0095AEFA /* ViewController.swift */ = {isa = PBXFileReference; lastKnownFileType = sourcecode.swift; path = ViewController.swift; sourceTree = "<group>"; };
		607D571D1C86424D0095AEFA /* Base */ = {isa = PBXFileReference; lastKnownFileType = file.storyboard; name = Base; path = Base.lproj/Main.storyboard; sourceTree = "<group>"; };
		607D571F1C86424D0095AEFA /* Assets.xcassets */ = {isa = PBXFileReference; lastKnownFileType = folder.assetcatalog; path = Assets.xcassets; sourceTree = "<group>"; };
		607D57221C86424D0095AEFA /* Base */ = {isa = PBXFileReference; lastKnownFileType = file.storyboard; name = Base; path = Base.lproj/LaunchScreen.storyboard; sourceTree = "<group>"; };
		607D57241C86424D0095AEFA /* Info.plist */ = {isa = PBXFileReference; lastKnownFileType = text.plist.xml; path = Info.plist; sourceTree = "<group>"; };
		607D57291C86424D0095AEFA /* FogoControllerTests.xctest */ = {isa = PBXFileReference; explicitFileType = wrapper.cfbundle; includeInIndex = 0; path = FogoControllerTests.xctest; sourceTree = BUILT_PRODUCTS_DIR; };
		607D572D1C86424D0095AEFA /* FogoControllerTests.swift */ = {isa = PBXFileReference; lastKnownFileType = sourcecode.swift; path = FogoControllerTests.swift; sourceTree = "<group>"; };
		607D572F1C86424D0095AEFA /* Info.plist */ = {isa = PBXFileReference; lastKnownFileType = text.plist.xml; path = Info.plist; sourceTree = "<group>"; };
		607D57341C86424D0095AEFA /* FogoControllerUITests.xctest */ = {isa = PBXFileReference; explicitFileType = wrapper.cfbundle; includeInIndex = 0; path = FogoControllerUITests.xctest; sourceTree = BUILT_PRODUCTS_DIR; };
		607D57381C86424D0095AEFA /* FogoControllerUITests.swift */ = {isa = PBXFileReference; lastKnownFileType = sourcecode.swift; path = FogoControllerUITests.swift; sourceTree = "<group>"; };
		607D573A1C86424D0095AEFA /* Info.plist */ = {isa = PBXFileReference; lastKnownFileType = text.plist.xml; path = Info.plist; sourceTree = "<group>"; };
		607D574C1C86527C0095AEFA /* HomeController.swift */ = {isa = PBXFileReference; fileEncoding = 4; lastKnownFileType = sourcecode.swift; path = HomeController.swift; sourceTree = "<group>"; };
/* End PBXFileReference section */

/* Begin PBXFrameworksBuildPhase section */
		607D57121C86424D0095AEFA /* Frameworks */ = {
			isa = PBXFrameworksBuildPhase;
			buildActionMask = 2147483647;
			files = (
			);
			runOnlyForDeploymentPostprocessing = 0;
		};
		607D57261C86424D0095AEFA /* Frameworks */ = {
			isa = PBXFrameworksBuildPhase;
			buildActionMask = 2147483647;
			files = (
			);
			runOnlyForDeploymentPostprocessing = 0;
		};
		607D57311C86424D0095AEFA /* Frameworks */ = {
			isa = PBXFrameworksBuildPhase;
			buildActionMask = 2147483647;
			files = (
			);
			runOnlyForDeploymentPostprocessing = 0;
		};
/* End PBXFrameworksBuildPhase section */

/* Begin PBXGroup section */
		607D570C1C86424D0095AEFA = {
			isa = PBXGroup;
			children = (
				607D57171C86424D0095AEFA /* FogoController */,
				607D572C1C86424D0095AEFA /* FogoControllerTests */,
				607D57371C86424D0095AEFA /* FogoControllerUITests */,
				607D57161C86424D0095AEFA /* Products */,
			);
			sourceTree = "<group>";
		};
		607D57161C86424D0095AEFA /* Products */ = {
			isa = PBXGroup;
			children = (
				607D57151C86424D0095AEFA /* FogoController.app */,
				607D57291C86424D0095AEFA /* FogoControllerTests.xctest */,
				607D57341C86424D0095AEFA /* FogoControllerUITests.xctest */,
			);
			name = Products;
			sourceTree = "<group>";
		};
		607D57171C86424D0095AEFA /* FogoController */ = {
			isa = PBXGroup;
			children = (
				607D57181C86424D0095AEFA /* AppDelegate.swift */,
				607D571A1C86424D0095AEFA /* ViewController.swift */,
				607D574C1C86527C0095AEFA /* HomeController.swift */,
				607D571C1C86424D0095AEFA /* Main.storyboard */,
				607D571F1C86424D0095AEFA /* Assets.xcassets */,
				607D57211C86424D0095AEFA /* LaunchScreen.storyboard */,
				607D57241C86424D0095AEFA /* Info.plist */,
			);
			path = FogoController;
			sourceTree = "<group>";
		};
		607D572C1C86424D0095AEFA /* FogoControllerTests */ = {
			isa = PBXGroup;
			children = (
				607D572D1C86424D0095AEFA /* FogoControllerTests.swift */,
				607D572F1C86424D0095AEFA /* Info.plist */,
			);
			path = FogoControllerTests;
			sourceTree = "<group>";
		};
		607D57371C86424D0095AEFA /* FogoControllerUITests */ = {
			isa = PBXGroup;
			children = (
				607D57381C86424D0095AEFA /* FogoControllerUITests.swift */,
				607D573A1C86424D0095AEFA /* Info.plist */,
			);
			path = FogoControllerUITests;
			sourceTree = "<group>";
		};
/* End PBXGroup section */

/* Begin PBXNativeTarget section */
		607D57141C86424D0095AEFA /* FogoController */ = {
			isa = PBXNativeTarget;
			buildConfigurationList = 607D573D1C86424D0095AEFA /* Build configuration list for PBXNativeTarget "FogoController" */;
			buildPhases = (
				607D57111C86424D0095AEFA /* Sources */,
				607D57121C86424D0095AEFA /* Frameworks */,
				607D57131C86424D0095AEFA /* Resources */,
			);
			buildRules = (
			);
			dependencies = (
			);
			name = FogoController;
			productName = FogoController;
			productReference = 607D57151C86424D0095AEFA /* FogoController.app */;
			productType = "com.apple.product-type.application";
		};
		607D57281C86424D0095AEFA /* FogoControllerTests */ = {
			isa = PBXNativeTarget;
			buildConfigurationList = 607D57401C86424D0095AEFA /* Build configuration list for PBXNativeTarget "FogoControllerTests" */;
			buildPhases = (
				607D57251C86424D0095AEFA /* Sources */,
				607D57261C86424D0095AEFA /* Frameworks */,
				607D57271C86424D0095AEFA /* Resources */,
			);
			buildRules = (
			);
			dependencies = (
				607D572B1C86424D0095AEFA /* PBXTargetDependency */,
			);
			name = FogoControllerTests;
			productName = FogoControllerTests;
			productReference = 607D57291C86424D0095AEFA /* FogoControllerTests.xctest */;
			productType = "com.apple.product-type.bundle.unit-test";
		};
		607D57331C86424D0095AEFA /* FogoControllerUITests */ = {
			isa = PBXNativeTarget;
			buildConfigurationList = 607D57431C86424D0095AEFA /* Build configuration list for PBXNativeTarget "FogoControllerUITests" */;
			buildPhases = (
				607D57301C86424D0095AEFA /* Sources */,
				607D57311C86424D0095AEFA /* Frameworks */,
				607D57321C86424D0095AEFA /* Resources */,
			);
			buildRules = (
			);
			dependencies = (
				607D57361C86424D0095AEFA /* PBXTargetDependency */,
			);
			name = FogoControllerUITests;
			productName = FogoControllerUITests;
			productReference = 607D57341C86424D0095AEFA /* FogoControllerUITests.xctest */;
			productType = "com.apple.product-type.bundle.ui-testing";
		};
/* End PBXNativeTarget section */

/* Begin PBXProject section */
		607D570D1C86424D0095AEFA /* Project object */ = {
			isa = PBXProject;
			attributes = {
				LastSwiftUpdateCheck = 0720;
				LastUpgradeCheck = 0720;
				ORGANIZATIONNAME = "Caio Guedes";
				TargetAttributes = {
					607D57141C86424D0095AEFA = {
						CreatedOnToolsVersion = 7.2.1;
					};
					607D57281C86424D0095AEFA = {
						CreatedOnToolsVersion = 7.2.1;
						TestTargetID = 607D57141C86424D0095AEFA;
					};
					607D57331C86424D0095AEFA = {
						CreatedOnToolsVersion = 7.2.1;
						TestTargetID = 607D57141C86424D0095AEFA;
					};
				};
			};
			buildConfigurationList = 607D57101C86424D0095AEFA /* Build configuration list for PBXProject "FogoController" */;
			compatibilityVersion = "Xcode 3.2";
			developmentRegion = English;
			hasScannedForEncodings = 0;
			knownRegions = (
				en,
				Base,
			);
			mainGroup = 607D570C1C86424D0095AEFA;
			productRefGroup = 607D57161C86424D0095AEFA /* Products */;
			projectDirPath = "";
			projectRoot = "";
			targets = (
				607D57141C86424D0095AEFA /* FogoController */,
				607D57281C86424D0095AEFA /* FogoControllerTests */,
				607D57331C86424D0095AEFA /* FogoControllerUITests */,
			);
		};
/* End PBXProject section */

/* Begin PBXResourcesBuildPhase section */
		607D57131C86424D0095AEFA /* Resources */ = {
			isa = PBXResourcesBuildPhase;
			buildActionMask = 2147483647;
			files = (
				607D57231C86424D0095AEFA /* LaunchScreen.storyboard in Resources */,
				607D57201C86424D0095AEFA /* Assets.xcassets in Resources */,
				607D571E1C86424D0095AEFA /* Main.storyboard in Resources */,
			);
			runOnlyForDeploymentPostprocessing = 0;
		};
		607D57271C86424D0095AEFA /* Resources */ = {
			isa = PBXResourcesBuildPhase;
			buildActionMask = 2147483647;
			files = (
			);
			runOnlyForDeploymentPostprocessing = 0;
		};
		607D57321C86424D0095AEFA /* Resources */ = {
			isa = PBXResourcesBuildPhase;
			buildActionMask = 2147483647;
			files = (
			);
			runOnlyForDeploymentPostprocessing = 0;
		};
/* End PBXResourcesBuildPhase section */

/* Begin PBXSourcesBuildPhase section */
		607D57111C86424D0095AEFA /* Sources */ = {
			isa = PBXSourcesBuildPhase;
			buildActionMask = 2147483647;
			files = (
				607D571B1C86424D0095AEFA /* ViewController.swift in Sources */,
				607D57191C86424D0095AEFA /* AppDelegate.swift in Sources */,
				607D574D1C86527C0095AEFA /* HomeController.swift in Sources */,
			);
			runOnlyForDeploymentPostprocessing = 0;
		};
		607D57251C86424D0095AEFA /* Sources */ = {
			isa = PBXSourcesBuildPhase;
			buildActionMask = 2147483647;
			files = (
				607D572E1C86424D0095AEFA /* FogoControllerTests.swift in Sources */,
			);
			runOnlyForDeploymentPostprocessing = 0;
		};
		607D57301C86424D0095AEFA /* Sources */ = {
			isa = PBXSourcesBuildPhase;
			buildActionMask = 2147483647;
			files = (
				607D57391C86424D0095AEFA /* FogoControllerUITests.swift in Sources */,
			);
			runOnlyForDeploymentPostprocessing = 0;
		};
/* End PBXSourcesBuildPhase section */

/* Begin PBXTargetDependency section */
		607D572B1C86424D0095AEFA /* PBXTargetDependency */ = {
			isa = PBXTargetDependency;
			target = 607D57141C86424D0095AEFA /* FogoController */;
			targetProxy = 607D572A1C86424D0095AEFA /* PBXContainerItemProxy */;
		};
		607D57361C86424D0095AEFA /* PBXTargetDependency */ = {
			isa = PBXTargetDependency;
			target = 607D57141C86424D0095AEFA /* FogoController */;
			targetProxy = 607D57351C86424D0095AEFA /* PBXContainerItemProxy */;
		};
/* End PBXTargetDependency section */

/* Begin PBXVariantGroup section */
		607D571C1C86424D0095AEFA /* Main.storyboard */ = {
			isa = PBXVariantGroup;
			children = (
				607D571D1C86424D0095AEFA /* Base */,
			);
			name = Main.storyboard;
			sourceTree = "<group>";
		};
		607D57211C86424D0095AEFA /* LaunchScreen.storyboard */ = {
			isa = PBXVariantGroup;
			children = (
				607D57221C86424D0095AEFA /* Base */,
			);
			name = LaunchScreen.storyboard;
			sourceTree = "<group>";
		};
/* End PBXVariantGroup section */

/* Begin XCBuildConfiguration section */
		607D573B1C86424D0095AEFA /* Debug */ = {
			isa = XCBuildConfiguration;
			buildSettings = {
				ALWAYS_SEARCH_USER_PATHS = NO;
				CLANG_CXX_LANGUAGE_STANDARD = "gnu++0x";
				CLANG_CXX_LIBRARY = "libc++";
				CLANG_ENABLE_MODULES = YES;
				CLANG_ENABLE_OBJC_ARC = YES;
				CLANG_WARN_BOOL_CONVERSION = YES;
				CLANG_WARN_CONSTANT_CONVERSION = YES;
				CLANG_WARN_DIRECT_OBJC_ISA_USAGE = YES_ERROR;
				CLANG_WARN_EMPTY_BODY = YES;
				CLANG_WARN_ENUM_CONVERSION = YES;
				CLANG_WARN_INT_CONVERSION = YES;
				CLANG_WARN_OBJC_ROOT_CLASS = YES_ERROR;
				CLANG_WARN_UNREACHABLE_CODE = YES;
				CLANG_WARN__DUPLICATE_METHOD_MATCH = YES;
				"CODE_SIGN_IDENTITY[sdk=iphoneos*]" = "iPhone Developer";
				COPY_PHASE_STRIP = NO;
				DEBUG_INFORMATION_FORMAT = dwarf;
				ENABLE_STRICT_OBJC_MSGSEND = YES;
				ENABLE_TESTABILITY = YES;
				GCC_C_LANGUAGE_STANDARD = gnu99;
				GCC_DYNAMIC_NO_PIC = NO;
				GCC_NO_COMMON_BLOCKS = YES;
				GCC_OPTIMIZATION_LEVEL = 0;
				GCC_PREPROCESSOR_DEFINITIONS = (
					"DEBUG=1",
					"$(inherited)",
				);
				GCC_WARN_64_TO_32_BIT_CONVERSION = YES;
				GCC_WARN_ABOUT_RETURN_TYPE = YES_ERROR;
				GCC_WARN_UNDECLARED_SELECTOR = YES;
				GCC_WARN_UNINITIALIZED_AUTOS = YES_AGGRESSIVE;
				GCC_WARN_UNUSED_FUNCTION = YES;
				GCC_WARN_UNUSED_VARIABLE = YES;
				IPHONEOS_DEPLOYMENT_TARGET = 9.2;
				MTL_ENABLE_DEBUG_INFO = YES;
				ONLY_ACTIVE_ARCH = YES;
				SDKROOT = iphoneos;
				SWIFT_OPTIMIZATION_LEVEL = "-Onone";
			};
			name = Debug;
		};
		607D573C1C86424D0095AEFA /* Release */ = {
			isa = XCBuildConfiguration;
			buildSettings = {
				ALWAYS_SEARCH_USER_PATHS = NO;
				CLANG_CXX_LANGUAGE_STANDARD = "gnu++0x";
				CLANG_CXX_LIBRARY = "libc++";
				CLANG_ENABLE_MODULES = YES;
				CLANG_ENABLE_OBJC_ARC = YES;
				CLANG_WARN_BOOL_CONVERSION = YES;
				CLANG_WARN_CONSTANT_CONVERSION = YES;
				CLANG_WARN_DIRECT_OBJC_ISA_USAGE = YES_ERROR;
				CLANG_WARN_EMPTY_BODY = YES;
				CLANG_WARN_ENUM_CONVERSION = YES;
				CLANG_WARN_INT_CONVERSION = YES;
				CLANG_WARN_OBJC_ROOT_CLASS = YES_ERROR;
				CLANG_WARN_UNREACHABLE_CODE = YES;
				CLANG_WARN__DUPLICATE_METHOD_MATCH = YES;
				"CODE_SIGN_IDENTITY[sdk=iphoneos*]" = "iPhone Developer";
				COPY_PHASE_STRIP = NO;
				DEBUG_INFORMATION_FORMAT = "dwarf-with-dsym";
				ENABLE_NS_ASSERTIONS = NO;
				ENABLE_STRICT_OBJC_MSGSEND = YES;
				GCC_C_LANGUAGE_STANDARD = gnu99;
				GCC_NO_COMMON_BLOCKS = YES;
				GCC_WARN_64_TO_32_BIT_CONVERSION = YES;
				GCC_WARN_ABOUT_RETURN_TYPE = YES_ERROR;
				GCC_WARN_UNDECLARED_SELECTOR = YES;
				GCC_WARN_UNINITIALIZED_AUTOS = YES_AGGRESSIVE;
				GCC_WARN_UNUSED_FUNCTION = YES;
				GCC_WARN_UNUSED_VARIABLE = YES;
				IPHONEOS_DEPLOYMENT_TARGET = 9.2;
				MTL_ENABLE_DEBUG_INFO = NO;
				SDKROOT = iphoneos;
				VALIDATE_PRODUCT = YES;
			};
			name = Release;
		};
		607D573E1C86424D0095AEFA /* Debug */ = {
			isa = XCBuildConfiguration;
			buildSettings = {
				ASSETCATALOG_COMPILER_APPICON_NAME = AppIcon;
				CLANG_ENABLE_MODULES = YES;
				INFOPLIST_FILE = FogoController/Info.plist;
				LD_RUNPATH_SEARCH_PATHS = "$(inherited) @executable_path/Frameworks";
				PRODUCT_BUNDLE_IDENTIFIER = lavid.FogoController;
				PRODUCT_NAME = "$(TARGET_NAME)";
				SWIFT_OBJC_BRIDGING_HEADER = "FogoController/FogoController-Bridging-Header.h";
				SWIFT_OPTIMIZATION_LEVEL = "-Onone";
			};
			name = Debug;
		};
		607D573F1C86424D0095AEFA /* Release */ = {
			isa = XCBuildConfiguration;
			buildSettings = {
				ASSETCATALOG_COMPILER_APPICON_NAME = AppIcon;
				CLANG_ENABLE_MODULES = YES;
				INFOPLIST_FILE = FogoController/Info.plist;
				LD_RUNPATH_SEARCH_PATHS = "$(inherited) @executable_path/Frameworks";
				PRODUCT_BUNDLE_IDENTIFIER = lavid.FogoController;
				PRODUCT_NAME = "$(TARGET_NAME)";
				SWIFT_OBJC_BRIDGING_HEADER = "FogoController/FogoController-Bridging-Header.h";
			};
			name = Release;
		};
		607D57411C86424D0095AEFA /* Debug */ = {
			isa = XCBuildConfiguration;
			buildSettings = {
				BUNDLE_LOADER = "$(TEST_HOST)";
				INFOPLIST_FILE = FogoControllerTests/Info.plist;
				LD_RUNPATH_SEARCH_PATHS = "$(inherited) @executable_path/Frameworks @loader_path/Frameworks";
				PRODUCT_BUNDLE_IDENTIFIER = lavid.FogoControllerTests;
				PRODUCT_NAME = "$(TARGET_NAME)";
				TEST_HOST = "$(BUILT_PRODUCTS_DIR)/FogoController.app/FogoController";
			};
			name = Debug;
		};
		607D57421C86424D0095AEFA /* Release */ = {
			isa = XCBuildConfiguration;
			buildSettings = {
				BUNDLE_LOADER = "$(TEST_HOST)";
				INFOPLIST_FILE = FogoControllerTests/Info.plist;
				LD_RUNPATH_SEARCH_PATHS = "$(inherited) @executable_path/Frameworks @loader_path/Frameworks";
				PRODUCT_BUNDLE_IDENTIFIER = lavid.FogoControllerTests;
				PRODUCT_NAME = "$(TARGET_NAME)";
				TEST_HOST = "$(BUILT_PRODUCTS_DIR)/FogoController.app/FogoController";
			};
			name = Release;
		};
		607D57441C86424D0095AEFA /* Debug */ = {
			isa = XCBuildConfiguration;
			buildSettings = {
				INFOPLIST_FILE = FogoControllerUITests/Info.plist;
				LD_RUNPATH_SEARCH_PATHS = "$(inherited) @executable_path/Frameworks @loader_path/Frameworks";
				PRODUCT_BUNDLE_IDENTIFIER = lavid.FogoControllerUITests;
				PRODUCT_NAME = "$(TARGET_NAME)";
				TEST_TARGET_NAME = FogoController;
				USES_XCTRUNNER = YES;
			};
			name = Debug;
		};
		607D57451C86424D0095AEFA /* Release */ = {
			isa = XCBuildConfiguration;
			buildSettings = {
				INFOPLIST_FILE = FogoControllerUITests/Info.plist;
				LD_RUNPATH_SEARCH_PATHS = "$(inherited) @executable_path/Frameworks @loader_path/Frameworks";
				PRODUCT_BUNDLE_IDENTIFIER = lavid.FogoControllerUITests;
				PRODUCT_NAME = "$(TARGET_NAME)";
				TEST_TARGET_NAME = FogoController;
				USES_XCTRUNNER = YES;
			};
			name = Release;
		};
/* End XCBuildConfiguration section */

/* Begin XCConfigurationList section */
		607D57101C86424D0095AEFA /* Build configuration list for PBXProject "FogoController" */ = {
			isa = XCConfigurationList;
			buildConfigurations = (
				607D573B1C86424D0095AEFA /* Debug */,
				607D573C1C86424D0095AEFA /* Release */,
			);
			defaultConfigurationIsVisible = 0;
			defaultConfigurationName = Release;
		};
		607D573D1C86424D0095AEFA /* Build configuration list for PBXNativeTarget "FogoController" */ = {
			isa = XCConfigurationList;
			buildConfigurations = (
				607D573E1C86424D0095AEFA /* Debug */,
				607D573F1C86424D0095AEFA /* Release */,
			);
			defaultConfigurationIsVisible = 0;
			defaultConfigurationName = Release;
		};
		607D57401C86424D0095AEFA /* Build configuration list for PBXNativeTarget "FogoControllerTests" */ = {
			isa = XCConfigurationList;
			buildConfigurations = (
				607D57411C86424D0095AEFA /* Debug */,
				607D57421C86424D0095AEFA /* Release */,
			);
			defaultConfigurationIsVisible = 0;
			defaultConfigurationName = Release;
		};
		607D57431C86424D0095AEFA /* Build configuration list for PBXNativeTarget "FogoControllerUITests" */ = {
			isa = XCConfigurationList;
			buildConfigurations = (
				607D57441C86424D0095AEFA /* Debug */,
				607D57451C86424D0095AEFA /* Release */,
			);
			defaultConfigurationIsVisible = 0;
			defaultConfigurationName = Release;
		};
/* End XCConfigurationList section */
	};
	rootObject = 607D570D1C86424D0095AEFA /* Project object */;
}
